{
  "name": "gen-pass",
  "version": "1.0.0",
  "lockfileVersion": 1,
  "dependencies": {
    "asap": {
      "version": "2.0.6",
      "resolved": "https://registry.npmjs.org/asap/-/asap-2.0.6.tgz",
      "integrity": "sha1-5QNHYR1+aQlDIIu9r+vLwvuGbUY="
    },
    "bowser": {
      "version": "1.8.1",
      "resolved": "https://registry.npmjs.org/bowser/-/bowser-1.8.1.tgz",
      "integrity": "sha512-NMPaR8ILtdLSWzxQtEs16XbxMcY8ohWGQ5V+TZSJS3fNUt/PBAGkF6YWO9B/4qWE23bK3o0moQKq8UyFEosYkA=="
    },
    "core-js": {
      "version": "1.2.7",
      "resolved": "https://registry.npmjs.org/core-js/-/core-js-1.2.7.tgz",
      "integrity": "sha1-ZSKUwUZR2yj6k70tX/KYOk8IxjY="
    },
    "css-in-js-utils": {
      "version": "2.0.0",
      "resolved": "https://registry.npmjs.org/css-in-js-utils/-/css-in-js-utils-2.0.0.tgz",
      "integrity": "sha512-yuWmPMD9FLi50Xf3k8W8oO3WM1eVnxEGCldCLyfusQ+CgivFk0s23yst4ooW6tfxMuSa03S6uUEga9UhX6GRrA=="
    },
    "encoding": {
      "version": "0.1.12",
      "resolved": "https://registry.npmjs.org/encoding/-/encoding-0.1.12.tgz",
      "integrity": "sha1-U4tm8+5izRq1HsMjgp0flIDHS+s="
    },
    "fbjs": {
      "version": "0.8.16",
      "resolved": "https://registry.npmjs.org/fbjs/-/fbjs-0.8.16.tgz",
      "integrity": "sha1-XmdDL1UNxBtXK/VYR7ispk5TN9s="
    },
    "fela": {
      "version": "6.1.0",
      "resolved": "https://registry.npmjs.org/fela/-/fela-6.1.0.tgz",
      "integrity": "sha512-BktrXnCHXoo2dB6sBqewVMfTeOLBe0tgTnfNEHzqaPQ82K9IUwYEWOgCd00M6ySkAeSnvngQy07rbTK9H3PfnQ=="
    },
    "fela-bindings": {
      "version": "1.2.0",
      "resolved": "https://registry.npmjs.org/fela-bindings/-/fela-bindings-1.2.0.tgz",
      "integrity": "sha512-AON6jHyCDg3HgMTYFJcRQkSqAbptQg9w5jfuNn2BEGpubi3Git2BRqgQjcKVOQ3YKm2yS8395g7Bo448IVqXNw=="
    },
    "fela-dom": {
      "version": "7.0.0",
      "resolved": "https://registry.npmjs.org/fela-dom/-/fela-dom-7.0.0.tgz",
      "integrity": "sha512-iFUVuKuB0vBf8JKc0HBHaaPuge15GqfjB8C9Zgk6DjX76D+rgDWvHX+NxCbLUHiCROLiBcQgXGNPRqTIX+ENHQ=="
    },
    "fela-plugin-embedded": {
      "version": "5.2.1",
      "resolved": "https://registry.npmjs.org/fela-plugin-embedded/-/fela-plugin-embedded-5.2.1.tgz",
      "integrity": "sha512-jRhPQUxmcP2XZ9b9IvrABTYj6jlOd8tOFXZacbQMK5EfZLMNmUmV1gituuxoB2hYX9lSStzxAFxkTzzO4fHq2g=="
    },
    "fela-plugin-extend": {
      "version": "5.0.12",
      "resolved": "https://registry.npmjs.org/fela-plugin-extend/-/fela-plugin-extend-5.0.12.tgz",
      "integrity": "sha512-oo1t6RF8TPQIOjyWVjwR1ts4SYDC9VFlda4c/d7r4EfTxJa4OXQL6zQkjYNHx3ij636skJhrQ4zk+83ZPap09A==",
      "dependencies": {
        "fela-utils": {
          "version": "7.0.5",
          "resolved": "https://registry.npmjs.org/fela-utils/-/fela-utils-7.0.5.tgz",
          "integrity": "sha512-rvKW6Lb0en6nd+DGoK/zXtYTz/WPoExZjMGPUVFfWl/w+gII5KrPCeH9gyqo6H9m+MuEZBT4HpX97fV5oV2RQQ=="
        }
      }
    },
    "fela-plugin-fallback-value": {
      "version": "5.0.15",
      "resolved": "https://registry.npmjs.org/fela-plugin-fallback-value/-/fela-plugin-fallback-value-5.0.15.tgz",
      "integrity": "sha512-1fiH4JAm8lINpPzn40u0y0wapY/xJT3xjO1Ht5MLhXkVgmQ//O2Al/IdhvltuFvvkm5mep62Lnkds4TJslmaMw=="
    },
    "fela-plugin-lvha": {
      "version": "5.0.14",
      "resolved": "https://registry.npmjs.org/fela-plugin-lvha/-/fela-plugin-lvha-5.0.14.tgz",
      "integrity": "sha512-v/db6S8gxRLokqok4OH81mmdRFklfCPAqh6i1iItLHJrlGx4qHFVMRp0WP6iFEXSYYI7ndJilSE+1V774JuhIg=="
    },
    "fela-plugin-prefixer": {
      "version": "5.0.15",
      "resolved": "https://registry.npmjs.org/fela-plugin-prefixer/-/fela-plugin-prefixer-5.0.15.tgz",
      "integrity": "sha512-a+EwSKoYa9jBDAj9OWV7hKgXAJ5vVa0uWEKvYBczyFtYo2Tg4B4mSbFPdOrcaHs7pIglN4uUI545HdnJ5t7z7w=="
    },
    "fela-plugin-unit": {
      "version": "5.0.14",
      "resolved": "https://registry.npmjs.org/fela-plugin-unit/-/fela-plugin-unit-5.0.14.tgz",
      "integrity": "sha512-5X4f6OV2uCuHVMYNIyMtXMGCqGU4tv0+xEJ7tDOi4H0KA0VU5abr/zbGxmSjTug8OTwJVTwzuLMQ7SJvXxkSuA=="
    },
    "fela-preset-web": {
      "version": "8.0.0",
      "resolved": "https://registry.npmjs.org/fela-preset-web/-/fela-preset-web-8.0.0.tgz",
      "integrity": "sha512-IJzBs8YGMjDhyO554imhJdyAWqHWlMN/YajWk3dozZ/3oDaIN4zOTpiuOLJpRMctbGwhReTRJ4Fl9WaQtNbvwA=="
    },
    "fela-utils": {
      "version": "8.0.0",
      "resolved": "https://registry.npmjs.org/fela-utils/-/fela-utils-8.0.0.tgz",
      "integrity": "sha512-Rbmbw2J7yWtklfhZSr2oUr+h1BFionZ/i8e6u6I5YX4lCC0cXx2ePnb5VtuSWrAsZP5a0Rt8M3QCn2VQB0zcgg=="
    },
    "hyphenate-style-name": {
      "version": "1.0.2",
      "resolved": "https://registry.npmjs.org/hyphenate-style-name/-/hyphenate-style-name-1.0.2.tgz",
      "integrity": "sha1-MRYKNpMK2vH8BMYHT360FGXU7Es="
    },
    "iconv-lite": {
      "version": "0.4.19",
      "resolved": "https://registry.npmjs.org/iconv-lite/-/iconv-lite-0.4.19.tgz",
      "integrity": "sha512-oTZqweIP51xaGPI4uPa56/Pri/480R+mo7SeU+YETByQNhDG55ycFyNLIgta9vXhILrxXDmF7ZGhqZIcuN0gJQ=="
    },
    "inline-style-prefixer": {
      "version": "3.0.8",
      "resolved": "https://registry.npmjs.org/inline-style-prefixer/-/inline-style-prefixer-3.0.8.tgz",
      "integrity": "sha1-hVG45bTVcyROZqNLBPfTIHaitTQ="
    },
    "is-stream": {
      "version": "1.1.0",
      "resolved": "https://registry.npmjs.org/is-stream/-/is-stream-1.1.0.tgz",
      "integrity": "sha1-EtSj3U5o4Lec6428hBc66A2RykQ="
    },
    "isomorphic-fetch": {
      "version": "2.2.1",
      "resolved": "https://registry.npmjs.org/isomorphic-fetch/-/isomorphic-fetch-2.2.1.tgz",
      "integrity": "sha1-YRrhrPFPXoH3KVB0coGf6XM1WKk="
    },
    "js-tokens": {
      "version": "3.0.2",
      "resolved": "https://registry.npmjs.org/js-tokens/-/js-tokens-3.0.2.tgz",
      "integrity": "sha1-mGbfOVECEw449/mWvOtlRDIJwls="
    },
    "lodash": {
      "version": "4.17.4",
      "resolved": "https://registry.npmjs.org/lodash/-/lodash-4.17.4.tgz",
      "integrity": "sha1-eCA6TRwyiuHYbcpkYONptX9AVa4="
    },
    "loose-envify": {
      "version": "1.3.1",
      "resolved": "https://registry.npmjs.org/loose-envify/-/loose-envify-1.3.1.tgz",
      "integrity": "sha1-0aitM/qc4OcT1l/dCsi3SNR4yEg="
    },
    "node-fetch": {
      "version": "1.7.3",
      "resolved": "https://registry.npmjs.org/node-fetch/-/node-fetch-1.7.3.tgz",
      "integrity": "sha512-NhZ4CsKx7cYm2vSrBAr2PvFOe6sWDf0UYLRqA6svUYg7+/TSfVAu49jYC4BvQ4Sms9SZgdqGBgroqfDhJdTyKQ=="
    },
    "object-assign": {
      "version": "4.1.1",
      "resolved": "https://registry.npmjs.org/object-assign/-/object-assign-4.1.1.tgz",
      "integrity": "sha1-IQmtx5ZYh8/AXLvUQsrIv7s2CGM="
    },
    "promise": {
      "version": "7.3.1",
      "resolved": "https://registry.npmjs.org/promise/-/promise-7.3.1.tgz",
      "integrity": "sha512-nolQXZ/4L+bP/UGlkfaIujX9BKxGwmQ9OT4mOt5yvy8iK1h3wqTEJCijzGANTCCl9nWjY41juyAn2K3Q1hLLTg=="
    },
    "prop-types": {
      "version": "15.6.0",
      "resolved": "https://registry.npmjs.org/prop-types/-/prop-types-15.6.0.tgz",
      "integrity": "sha1-zq8IMCL8RrSjX2nhPvda7Q1jmFY="
    },
    "react-fela": {
      "version": "6.1.1",
      "resolved": "https://registry.npmjs.org/react-fela/-/react-fela-6.1.1.tgz",
      "integrity": "sha512-4pj3Rh/QjFd/JApijT9/YHw8c86HinWww4qt8ms8dDq7gG4zXiZwkgL9LDw01LF5/1PLPfSDsh4DH1lDyC+GLg=="
    },
    "setimmediate": {
      "version": "1.0.5",
      "resolved": "https://registry.npmjs.org/setimmediate/-/setimmediate-1.0.5.tgz",
      "integrity": "sha1-KQy7Iy4waULX1+qbg3Mqt4VvgoU="
    },
    "ua-parser-js": {
      "version": "0.7.17",
      "resolved": "https://registry.npmjs.org/ua-parser-js/-/ua-parser-js-0.7.17.tgz",
      "integrity": "sha512-uRdSdu1oA1rncCQL7sCj8vSyZkgtL7faaw9Tc9rZ3mGgraQ7+Pdx7w5mnOSF3gw9ZNG6oc+KXfkon3bKuROm0g=="
    },
    "whatwg-fetch": {
      "version": "2.0.3",
      "resolved": "https://registry.npmjs.org/whatwg-fetch/-/whatwg-fetch-2.0.3.tgz",
      "integrity": "sha1-nITsLc9oGH/wC8ZOEnS0QhduHIQ="
    }
  }
}
